{
  "name": "casino",
  "version": "1.0.0",
  "lockfileVersion": 1,
  "requires": true,
  "dependencies": {
    "@types/node": {
      "version": "16.4.8",
      "resolved": "https://registry.npmjs.org/@types/node/-/node-16.4.8.tgz",
      "integrity": "sha512-VL7RZyCpfYEmbyd3/Eq5RNYhZt7yoL1JThZQ3KzimzhLya2Qa86U1ZZmioNWAAjiz99z1ED1xF9NUV2srvfVrA=="
    },
    "random-number-v1": {
      "version": "1.0.4",
      "resolved": "https://registry.npmjs.org/random-number-v1/-/random-number-v1-1.0.4.tgz",
      "integrity": "sha512-DlaYLbvReC0zwPqUHt2rmKPnoUQzZmVVbfinid6JEQBsYBSROjQWz1KbMXD3RUqaJQxFHF1heupSsv35L0CG2Q=="
    },
    "readline-sync": {
      "version": "1.4.10",
      "resolved": "https://registry.npmjs.org/readline-sync/-/readline-sync-1.4.10.tgz",
      "integrity": "sha512-gNva8/6UAe8QYepIQH/jQ2qn91Qj0B9sYjMBBs3QOB8F2CXcKgLxQaJRP76sWVRQt+QU+8fAkCbCvjjMFu7Ycw=="
    }
  }
}
